// !$*UTF8*$!
{
	archiveVersion = 1;
	classes = {
	};
	objectVersion = 50;
	objects = {

/* Begin PBXBuildFile section */
		B940FE91259E79FC0094D60B /* LottieUICouch.h in Headers */ = {isa = PBXBuildFile; fileRef = B940FE8F259E79FC0094D60B /* LottieUICouch.h */; settings = {ATTRIBUTES = (Public, ); }; };
		B940FE97259E7A190094D60B /* CompositeAnimationButton.swift in Sources */ = {isa = PBXBuildFile; fileRef = B99A6F5A2589265500BE9D43 /* CompositeAnimationButton.swift */; };
		B940FE98259E7A190094D60B /* AnimationBox.swift in Sources */ = {isa = PBXBuildFile; fileRef = B99A6F542589265400BE9D43 /* AnimationBox.swift */; };
		B940FE99259E7A190094D60B /* AnimationButton.swift in Sources */ = {isa = PBXBuildFile; fileRef = B99A6F592589265500BE9D43 /* AnimationButton.swift */; };
		B940FE9A259E7A190094D60B /* AnimationContent.swift in Sources */ = {isa = PBXBuildFile; fileRef = B99A6F532589265400BE9D43 /* AnimationContent.swift */; };
		B940FE9B259E7A190094D60B /* AnimationViewController.swift in Sources */ = {isa = PBXBuildFile; fileRef = B99A6F552589265400BE9D43 /* AnimationViewController.swift */; };
		B940FE9C259E7A190094D60B /* CoreGraphics+Extensions.swift in Sources */ = {isa = PBXBuildFile; fileRef = B99A6F5C2589265500BE9D43 /* CoreGraphics+Extensions.swift */; };
		B940FE9D259E7A190094D60B /* Lottie+Extension.swift in Sources */ = {isa = PBXBuildFile; fileRef = B99A6F5B2589265500BE9D43 /* Lottie+Extension.swift */; };
		B940FE9E259E7A190094D60B /* AnimationProgressIndicator.swift in Sources */ = {isa = PBXBuildFile; fileRef = B99A6F582589265500BE9D43 /* AnimationProgressIndicator.swift */; };
		B940FE9F259E7A190094D60B /* AnimationField.swift in Sources */ = {isa = PBXBuildFile; fileRef = B99A6F562589265400BE9D43 /* AnimationField.swift */; };
		B940FEBF259F97790094D60B /* Lottie.framework in Frameworks */ = {isa = PBXBuildFile; fileRef = B940FEBE259F97790094D60B /* Lottie.framework */; };
		B99A6F47258924F300BE9D43 /* LottieUITouch.h in Headers */ = {isa = PBXBuildFile; fileRef = B99A6F45258924F300BE9D43 /* LottieUITouch.h */; settings = {ATTRIBUTES = (Public, ); }; };
		B99A6F692589265800BE9D43 /* AnimationBox.swift in Sources */ = {isa = PBXBuildFile; fileRef = B99A6F542589265400BE9D43 /* AnimationBox.swift */; };
		B99A6F6F2589265D00BE9D43 /* AnimationProgressIndicator.swift in Sources */ = {isa = PBXBuildFile; fileRef = B99A6F582589265500BE9D43 /* AnimationProgressIndicator.swift */; };
		B99A6F702589265D00BE9D43 /* Lottie+Extension.swift in Sources */ = {isa = PBXBuildFile; fileRef = B99A6F5B2589265500BE9D43 /* Lottie+Extension.swift */; };
		B99A6F712589265D00BE9D43 /* AnimationViewController.swift in Sources */ = {isa = PBXBuildFile; fileRef = B99A6F552589265400BE9D43 /* AnimationViewController.swift */; };
		B99A6F722589265D00BE9D43 /* CompositeAnimationButton.swift in Sources */ = {isa = PBXBuildFile; fileRef = B99A6F5A2589265500BE9D43 /* CompositeAnimationButton.swift */; };
		B99A6F732589265D00BE9D43 /* AnimationField.swift in Sources */ = {isa = PBXBuildFile; fileRef = B99A6F562589265400BE9D43 /* AnimationField.swift */; };
		B99A6F742589265D00BE9D43 /* AnimationButton.swift in Sources */ = {isa = PBXBuildFile; fileRef = B99A6F592589265500BE9D43 /* AnimationButton.swift */; };
		B99A6F752589265D00BE9D43 /* AnimationContent.swift in Sources */ = {isa = PBXBuildFile; fileRef = B99A6F532589265400BE9D43 /* AnimationContent.swift */; };
		B99A6F762589265D00BE9D43 /* CoreGraphics+Extensions.swift in Sources */ = {isa = PBXBuildFile; fileRef = B99A6F5C2589265500BE9D43 /* CoreGraphics+Extensions.swift */; };
		B99A6F7D258926D800BE9D43 /* Lottie.framework in Frameworks */ = {isa = PBXBuildFile; fileRef = B99A6F7C258926D800BE9D43 /* Lottie.framework */; };
		B9AE6984257ACD4300EDED9E /* LottieUI.h in Headers */ = {isa = PBXBuildFile; fileRef = B9AE6982257ACD4300EDED9E /* LottieUI.h */; settings = {ATTRIBUTES = (Public, ); }; };
		B9AE69BD257AD59700EDED9E /* Lottie.framework in Frameworks */ = {isa = PBXBuildFile; fileRef = B9AE69BC257AD59700EDED9E /* Lottie.framework */; };
		B9AE69CA257AE67000EDED9E /* AnimationButton.swift in Sources */ = {isa = PBXBuildFile; fileRef = B9AE69C0257AE67000EDED9E /* AnimationButton.swift */; };
		B9AE69CB257AE67000EDED9E /* AnimationField.swift in Sources */ = {isa = PBXBuildFile; fileRef = B9AE69C1257AE67000EDED9E /* AnimationField.swift */; };
		B9AE69CC257AE67000EDED9E /* AnimationBox.swift in Sources */ = {isa = PBXBuildFile; fileRef = B9AE69C2257AE67000EDED9E /* AnimationBox.swift */; };
		B9AE69CD257AE67000EDED9E /* AnimationProgressIndicator.swift in Sources */ = {isa = PBXBuildFile; fileRef = B9AE69C3257AE67000EDED9E /* AnimationProgressIndicator.swift */; };
		B9AE69CE257AE67000EDED9E /* CompositeAnimationButton.swift in Sources */ = {isa = PBXBuildFile; fileRef = B9AE69C4257AE67000EDED9E /* CompositeAnimationButton.swift */; };
		B9AE69CF257AE67000EDED9E /* Lottie+Extension.swift in Sources */ = {isa = PBXBuildFile; fileRef = B9AE69C5257AE67000EDED9E /* Lottie+Extension.swift */; };
		B9AE69D0257AE67000EDED9E /* HoverAnimationView.swift in Sources */ = {isa = PBXBuildFile; fileRef = B9AE69C6257AE67000EDED9E /* HoverAnimationView.swift */; };
		B9AE69D1257AE67000EDED9E /* AnimationViewController.swift in Sources */ = {isa = PBXBuildFile; fileRef = B9AE69C7257AE67000EDED9E /* AnimationViewController.swift */; };
		B9AE69D3257AE67000EDED9E /* AnimationContent.swift in Sources */ = {isa = PBXBuildFile; fileRef = B9AE69C9257AE67000EDED9E /* AnimationContent.swift */; };
		B9AE69D5257AE6C800EDED9E /* CoreGraphics+Extensions.swift in Sources */ = {isa = PBXBuildFile; fileRef = B9AE69D4257AE6C800EDED9E /* CoreGraphics+Extensions.swift */; };
/* End PBXBuildFile section */

/* Begin PBXFileReference section */
		B940FE8D259E79FC0094D60B /* LottieUICouch.framework */ = {isa = PBXFileReference; explicitFileType = wrapper.framework; includeInIndex = 0; path = LottieUICouch.framework; sourceTree = BUILT_PRODUCTS_DIR; };
		B940FE8F259E79FC0094D60B /* LottieUICouch.h */ = {isa = PBXFileReference; lastKnownFileType = sourcecode.c.h; path = LottieUICouch.h; sourceTree = "<group>"; };
		B940FEBE259F97790094D60B /* Lottie.framework */ = {isa = PBXFileReference; explicitFileType = wrapper.framework; path = Lottie.framework; sourceTree = BUILT_PRODUCTS_DIR; };
		B99A6F43258924F300BE9D43 /* LottieUITouch.framework */ = {isa = PBXFileReference; explicitFileType = wrapper.framework; includeInIndex = 0; path = LottieUITouch.framework; sourceTree = BUILT_PRODUCTS_DIR; };
		B99A6F45258924F300BE9D43 /* LottieUITouch.h */ = {isa = PBXFileReference; lastKnownFileType = sourcecode.c.h; path = LottieUITouch.h; sourceTree = "<group>"; };
		B99A6F46258924F300BE9D43 /* Info.plist */ = {isa = PBXFileReference; lastKnownFileType = text.plist.xml; path = Info.plist; sourceTree = "<group>"; };
		B99A6F4D2589253D00BE9D43 /* iOSDebug.xcconfig */ = {isa = PBXFileReference; lastKnownFileType = text.xcconfig; path = iOSDebug.xcconfig; sourceTree = "<group>"; };
		B99A6F4E2589254E00BE9D43 /* iOSRelease.xcconfig */ = {isa = PBXFileReference; lastKnownFileType = text.xcconfig; path = iOSRelease.xcconfig; sourceTree = "<group>"; };
		B99A6F532589265400BE9D43 /* AnimationContent.swift */ = {isa = PBXFileReference; fileEncoding = 4; lastKnownFileType = sourcecode.swift; path = AnimationContent.swift; sourceTree = "<group>"; };
		B99A6F542589265400BE9D43 /* AnimationBox.swift */ = {isa = PBXFileReference; fileEncoding = 4; lastKnownFileType = sourcecode.swift; path = AnimationBox.swift; sourceTree = "<group>"; };
		B99A6F552589265400BE9D43 /* AnimationViewController.swift */ = {isa = PBXFileReference; fileEncoding = 4; lastKnownFileType = sourcecode.swift; path = AnimationViewController.swift; sourceTree = "<group>"; };
		B99A6F562589265400BE9D43 /* AnimationField.swift */ = {isa = PBXFileReference; fileEncoding = 4; lastKnownFileType = sourcecode.swift; path = AnimationField.swift; sourceTree = "<group>"; };
		B99A6F582589265500BE9D43 /* AnimationProgressIndicator.swift */ = {isa = PBXFileReference; fileEncoding = 4; lastKnownFileType = sourcecode.swift; path = AnimationProgressIndicator.swift; sourceTree = "<group>"; };
		B99A6F592589265500BE9D43 /* AnimationButton.swift */ = {isa = PBXFileReference; fileEncoding = 4; lastKnownFileType = sourcecode.swift; path = AnimationButton.swift; sourceTree = "<group>"; };
		B99A6F5A2589265500BE9D43 /* CompositeAnimationButton.swift */ = {isa = PBXFileReference; fileEncoding = 4; lastKnownFileType = sourcecode.swift; path = CompositeAnimationButton.swift; sourceTree = "<group>"; };
		B99A6F5B2589265500BE9D43 /* Lottie+Extension.swift */ = {isa = PBXFileReference; fileEncoding = 4; lastKnownFileType = sourcecode.swift; path = "Lottie+Extension.swift"; sourceTree = "<group>"; };
		B99A6F5C2589265500BE9D43 /* CoreGraphics+Extensions.swift */ = {isa = PBXFileReference; fileEncoding = 4; lastKnownFileType = sourcecode.swift; path = "CoreGraphics+Extensions.swift"; sourceTree = "<group>"; };
		B99A6F7C258926D800BE9D43 /* Lottie.framework */ = {isa = PBXFileReference; explicitFileType = wrapper.framework; path = Lottie.framework; sourceTree = BUILT_PRODUCTS_DIR; };
		B9AE697F257ACD4300EDED9E /* LottieUI.framework */ = {isa = PBXFileReference; explicitFileType = wrapper.framework; includeInIndex = 0; path = LottieUI.framework; sourceTree = BUILT_PRODUCTS_DIR; };
		B9AE6982257ACD4300EDED9E /* LottieUI.h */ = {isa = PBXFileReference; lastKnownFileType = sourcecode.c.h; path = LottieUI.h; sourceTree = "<group>"; };
		B9AE698E257ACEDF00EDED9E /* Common.xcconfig */ = {isa = PBXFileReference; lastKnownFileType = text.xcconfig; path = Common.xcconfig; sourceTree = "<group>"; };
		B9AE698F257ACFEB00EDED9E /* MacOSDebug.xcconfig */ = {isa = PBXFileReference; lastKnownFileType = text.xcconfig; path = MacOSDebug.xcconfig; sourceTree = "<group>"; };
		B9AE6990257ACFFF00EDED9E /* MacOSRelease.xcconfig */ = {isa = PBXFileReference; lastKnownFileType = text.xcconfig; path = MacOSRelease.xcconfig; sourceTree = "<group>"; };
		B9AE6994257AD22200EDED9E /* Info.plist */ = {isa = PBXFileReference; fileEncoding = 4; lastKnownFileType = text.plist.xml; path = Info.plist; sourceTree = "<group>"; };
		B9AE69BC257AD59700EDED9E /* Lottie.framework */ = {isa = PBXFileReference; explicitFileType = wrapper.framework; path = Lottie.framework; sourceTree = BUILT_PRODUCTS_DIR; };
		B9AE69C0257AE67000EDED9E /* AnimationButton.swift */ = {isa = PBXFileReference; fileEncoding = 4; lastKnownFileType = sourcecode.swift; path = AnimationButton.swift; sourceTree = "<group>"; };
		B9AE69C1257AE67000EDED9E /* AnimationField.swift */ = {isa = PBXFileReference; fileEncoding = 4; lastKnownFileType = sourcecode.swift; path = AnimationField.swift; sourceTree = "<group>"; };
		B9AE69C2257AE67000EDED9E /* AnimationBox.swift */ = {isa = PBXFileReference; fileEncoding = 4; lastKnownFileType = sourcecode.swift; path = AnimationBox.swift; sourceTree = "<group>"; };
		B9AE69C3257AE67000EDED9E /* AnimationProgressIndicator.swift */ = {isa = PBXFileReference; fileEncoding = 4; lastKnownFileType = sourcecode.swift; path = AnimationProgressIndicator.swift; sourceTree = "<group>"; };
		B9AE69C4257AE67000EDED9E /* CompositeAnimationButton.swift */ = {isa = PBXFileReference; fileEncoding = 4; lastKnownFileType = sourcecode.swift; path = CompositeAnimationButton.swift; sourceTree = "<group>"; };
		B9AE69C5257AE67000EDED9E /* Lottie+Extension.swift */ = {isa = PBXFileReference; fileEncoding = 4; lastKnownFileType = sourcecode.swift; path = "Lottie+Extension.swift"; sourceTree = "<group>"; };
		B9AE69C6257AE67000EDED9E /* HoverAnimationView.swift */ = {isa = PBXFileReference; fileEncoding = 4; lastKnownFileType = sourcecode.swift; path = HoverAnimationView.swift; sourceTree = "<group>"; };
		B9AE69C7257AE67000EDED9E /* AnimationViewController.swift */ = {isa = PBXFileReference; fileEncoding = 4; lastKnownFileType = sourcecode.swift; path = AnimationViewController.swift; sourceTree = "<group>"; };
		B9AE69C9257AE67000EDED9E /* AnimationContent.swift */ = {isa = PBXFileReference; fileEncoding = 4; lastKnownFileType = sourcecode.swift; path = AnimationContent.swift; sourceTree = "<group>"; };
		B9AE69D4257AE6C800EDED9E /* CoreGraphics+Extensions.swift */ = {isa = PBXFileReference; fileEncoding = 4; lastKnownFileType = sourcecode.swift; path = "CoreGraphics+Extensions.swift"; sourceTree = "<group>"; };
/* End PBXFileReference section */

/* Begin PBXFrameworksBuildPhase section */
		B940FE8A259E79FC0094D60B /* Frameworks */ = {
			isa = PBXFrameworksBuildPhase;
			buildActionMask = 2147483647;
			files = (
				B940FEBF259F97790094D60B /* Lottie.framework in Frameworks */,
			);
			runOnlyForDeploymentPostprocessing = 0;
		};
		B99A6F40258924F300BE9D43 /* Frameworks */ = {
			isa = PBXFrameworksBuildPhase;
			buildActionMask = 2147483647;
			files = (
				B99A6F7D258926D800BE9D43 /* Lottie.framework in Frameworks */,
			);
			runOnlyForDeploymentPostprocessing = 0;
		};
		B9AE697C257ACD4300EDED9E /* Frameworks */ = {
			isa = PBXFrameworksBuildPhase;
			buildActionMask = 2147483647;
			files = (
				B9AE69BD257AD59700EDED9E /* Lottie.framework in Frameworks */,
			);
			runOnlyForDeploymentPostprocessing = 0;
		};
/* End PBXFrameworksBuildPhase section */

/* Begin PBXGroup section */
		B99A6F79258926AC00BE9D43 /* Configs */ = {
			isa = PBXGroup;
			children = (
				B99A6F4D2589253D00BE9D43 /* iOSDebug.xcconfig */,
				B99A6F4E2589254E00BE9D43 /* iOSRelease.xcconfig */,
			);
			path = Configs;
			sourceTree = "<group>";
		};
		B9AE6975257ACD4300EDED9E = {
			isa = PBXGroup;
			children = (
				B9AE6981257ACD4300EDED9E /* LottieUI */,
				B9AE6980257ACD4300EDED9E /* Products */,
				B9AE69BB257AD59700EDED9E /* Frameworks */,
			);
			sourceTree = "<group>";
		};
		B9AE6980257ACD4300EDED9E /* Products */ = {
			isa = PBXGroup;
			children = (
				B9AE697F257ACD4300EDED9E /* LottieUI.framework */,
				B99A6F43258924F300BE9D43 /* LottieUITouch.framework */,
				B940FE8D259E79FC0094D60B /* LottieUICouch.framework */,
			);
			name = Products;
			sourceTree = "<group>";
		};
		B9AE6981257ACD4300EDED9E /* LottieUI */ = {
			isa = PBXGroup;
			children = (
				B9AE698D257ACDA800EDED9E /* iOS */,
				B9AE698C257ACDA200EDED9E /* MacOS */,
				B9AE698E257ACEDF00EDED9E /* Common.xcconfig */,
			);
			path = LottieUI;
			sourceTree = "<group>";
		};
		B9AE698C257ACDA200EDED9E /* MacOS */ = {
			isa = PBXGroup;
			children = (
				B9AE69C7257AE67000EDED9E /* AnimationViewController.swift */,
				B9AE69C9257AE67000EDED9E /* AnimationContent.swift */,
				B9AE69C0257AE67000EDED9E /* AnimationButton.swift */,
				B9AE69C4257AE67000EDED9E /* CompositeAnimationButton.swift */,
				B9AE69C1257AE67000EDED9E /* AnimationField.swift */,
				B9AE69C3257AE67000EDED9E /* AnimationProgressIndicator.swift */,
				B9AE69C2257AE67000EDED9E /* AnimationBox.swift */,
				B9AE69C6257AE67000EDED9E /* HoverAnimationView.swift */,
				B9AE69C5257AE67000EDED9E /* Lottie+Extension.swift */,
				B9AE69D4257AE6C800EDED9E /* CoreGraphics+Extensions.swift */,
				B9AE6994257AD22200EDED9E /* Info.plist */,
				B9AE6982257ACD4300EDED9E /* LottieUI.h */,
				B9AE6991257AD00800EDED9E /* Configs */,
			);
			path = MacOS;
			sourceTree = "<group>";
		};
		B9AE698D257ACDA800EDED9E /* iOS */ = {
			isa = PBXGroup;
			children = (
				B99A6F542589265400BE9D43 /* AnimationBox.swift */,
				B99A6F592589265500BE9D43 /* AnimationButton.swift */,
				B99A6F532589265400BE9D43 /* AnimationContent.swift */,
				B99A6F562589265400BE9D43 /* AnimationField.swift */,
				B99A6F582589265500BE9D43 /* AnimationProgressIndicator.swift */,
				B99A6F552589265400BE9D43 /* AnimationViewController.swift */,
				B99A6F5A2589265500BE9D43 /* CompositeAnimationButton.swift */,
				B99A6F5C2589265500BE9D43 /* CoreGraphics+Extensions.swift */,
				B99A6F5B2589265500BE9D43 /* Lottie+Extension.swift */,
				B99A6F46258924F300BE9D43 /* Info.plist */,
				B99A6F45258924F300BE9D43 /* LottieUITouch.h */,
				B940FE8F259E79FC0094D60B /* LottieUICouch.h */,
				B99A6F79258926AC00BE9D43 /* Configs */,
			);
			path = iOS;
			sourceTree = "<group>";
		};
		B9AE6991257AD00800EDED9E /* Configs */ = {
			isa = PBXGroup;
			children = (
				B9AE698F257ACFEB00EDED9E /* MacOSDebug.xcconfig */,
				B9AE6990257ACFFF00EDED9E /* MacOSRelease.xcconfig */,
			);
			path = Configs;
			sourceTree = "<group>";
		};
		B9AE69BB257AD59700EDED9E /* Frameworks */ = {
			isa = PBXGroup;
			children = (
				B940FEBE259F97790094D60B /* Lottie.framework */,
				B99A6F7C258926D800BE9D43 /* Lottie.framework */,
				B9AE69BC257AD59700EDED9E /* Lottie.framework */,
			);
			name = Frameworks;
			sourceTree = "<group>";
		};
/* End PBXGroup section */

/* Begin PBXHeadersBuildPhase section */
		B940FE88259E79FC0094D60B /* Headers */ = {
			isa = PBXHeadersBuildPhase;
			buildActionMask = 2147483647;
			files = (
				B940FE91259E79FC0094D60B /* LottieUICouch.h in Headers */,
			);
			runOnlyForDeploymentPostprocessing = 0;
		};
		B99A6F3E258924F300BE9D43 /* Headers */ = {
			isa = PBXHeadersBuildPhase;
			buildActionMask = 2147483647;
			files = (
				B99A6F47258924F300BE9D43 /* LottieUITouch.h in Headers */,
			);
			runOnlyForDeploymentPostprocessing = 0;
		};
		B9AE697A257ACD4300EDED9E /* Headers */ = {
			isa = PBXHeadersBuildPhase;
			buildActionMask = 2147483647;
			files = (
				B9AE6984257ACD4300EDED9E /* LottieUI.h in Headers */,
			);
			runOnlyForDeploymentPostprocessing = 0;
		};
/* End PBXHeadersBuildPhase section */

/* Begin PBXNativeTarget section */
		B940FE8C259E79FC0094D60B /* LottieUICouch */ = {
			isa = PBXNativeTarget;
			buildConfigurationList = B940FE92259E79FC0094D60B /* Build configuration list for PBXNativeTarget "LottieUICouch" */;
			buildPhases = (
				B940FE88259E79FC0094D60B /* Headers */,
				B940FE89259E79FC0094D60B /* Sources */,
				B940FE8A259E79FC0094D60B /* Frameworks */,
				B940FE8B259E79FC0094D60B /* Resources */,
			);
			buildRules = (
			);
			dependencies = (
			);
			name = LottieUICouch;
			productName = LottieUICouch;
			productReference = B940FE8D259E79FC0094D60B /* LottieUICouch.framework */;
			productType = "com.apple.product-type.framework";
		};
		B99A6F42258924F300BE9D43 /* LottieUITouch */ = {
			isa = PBXNativeTarget;
			buildConfigurationList = B99A6F4A258924F300BE9D43 /* Build configuration list for PBXNativeTarget "LottieUITouch" */;
			buildPhases = (
				B99A6F3E258924F300BE9D43 /* Headers */,
				B99A6F3F258924F300BE9D43 /* Sources */,
				B99A6F40258924F300BE9D43 /* Frameworks */,
				B99A6F41258924F300BE9D43 /* Resources */,
			);
			buildRules = (
			);
			dependencies = (
			);
			name = LottieUITouch;
			productName = LottieUITouch;
			productReference = B99A6F43258924F300BE9D43 /* LottieUITouch.framework */;
			productType = "com.apple.product-type.framework";
		};
		B9AE697E257ACD4300EDED9E /* LottieUI */ = {
			isa = PBXNativeTarget;
			buildConfigurationList = B9AE6987257ACD4300EDED9E /* Build configuration list for PBXNativeTarget "LottieUI" */;
			buildPhases = (
				B9AE697A257ACD4300EDED9E /* Headers */,
				B9AE697B257ACD4300EDED9E /* Sources */,
				B9AE697C257ACD4300EDED9E /* Frameworks */,
				B9AE697D257ACD4300EDED9E /* Resources */,
			);
			buildRules = (
			);
			dependencies = (
			);
			name = LottieUI;
			productName = LottieUI;
			productReference = B9AE697F257ACD4300EDED9E /* LottieUI.framework */;
			productType = "com.apple.product-type.framework";
		};
/* End PBXNativeTarget section */

/* Begin PBXProject section */
		B9AE6976257ACD4300EDED9E /* Project object */ = {
			isa = PBXProject;
			attributes = {
				LastUpgradeCheck = 1230;
				TargetAttributes = {
					B940FE8C259E79FC0094D60B = {
						CreatedOnToolsVersion = 12.3;
					};
					B99A6F42258924F300BE9D43 = {
						CreatedOnToolsVersion = 12.2;
					};
					B9AE697E257ACD4300EDED9E = {
						CreatedOnToolsVersion = 12.2;
						LastSwiftMigration = 1220;
					};
				};
			};
			buildConfigurationList = B9AE6979257ACD4300EDED9E /* Build configuration list for PBXProject "LottieUI" */;
			compatibilityVersion = "Xcode 9.3";
			developmentRegion = en;
			hasScannedForEncodings = 0;
			knownRegions = (
				en,
				Base,
			);
			mainGroup = B9AE6975257ACD4300EDED9E;
			productRefGroup = B9AE6980257ACD4300EDED9E /* Products */;
			projectDirPath = "";
			projectRoot = "";
			targets = (
				B9AE697E257ACD4300EDED9E /* LottieUI */,
				B99A6F42258924F300BE9D43 /* LottieUITouch */,
				B940FE8C259E79FC0094D60B /* LottieUICouch */,
			);
		};
/* End PBXProject section */

/* Begin PBXResourcesBuildPhase section */
		B940FE8B259E79FC0094D60B /* Resources */ = {
			isa = PBXResourcesBuildPhase;
			buildActionMask = 2147483647;
			files = (
			);
			runOnlyForDeploymentPostprocessing = 0;
		};
		B99A6F41258924F300BE9D43 /* Resources */ = {
			isa = PBXResourcesBuildPhase;
			buildActionMask = 2147483647;
			files = (
			);
			runOnlyForDeploymentPostprocessing = 0;
		};
		B9AE697D257ACD4300EDED9E /* Resources */ = {
			isa = PBXResourcesBuildPhase;
			buildActionMask = 2147483647;
			files = (
			);
			runOnlyForDeploymentPostprocessing = 0;
		};
/* End PBXResourcesBuildPhase section */

/* Begin PBXSourcesBuildPhase section */
		B940FE89259E79FC0094D60B /* Sources */ = {
			isa = PBXSourcesBuildPhase;
			buildActionMask = 2147483647;
			files = (
				B940FE9D259E7A190094D60B /* Lottie+Extension.swift in Sources */,
				B940FE9A259E7A190094D60B /* AnimationContent.swift in Sources */,
				B940FE9E259E7A190094D60B /* AnimationProgressIndicator.swift in Sources */,
				B940FE99259E7A190094D60B /* AnimationButton.swift in Sources */,
				B940FE9F259E7A190094D60B /* AnimationField.swift in Sources */,
				B940FE9B259E7A190094D60B /* AnimationViewController.swift in Sources */,
				B940FE98259E7A190094D60B /* AnimationBox.swift in Sources */,
				B940FE97259E7A190094D60B /* CompositeAnimationButton.swift in Sources */,
				B940FE9C259E7A190094D60B /* CoreGraphics+Extensions.swift in Sources */,
			);
			runOnlyForDeploymentPostprocessing = 0;
		};
		B99A6F3F258924F300BE9D43 /* Sources */ = {
			isa = PBXSourcesBuildPhase;
			buildActionMask = 2147483647;
			files = (
				B99A6F752589265D00BE9D43 /* AnimationContent.swift in Sources */,
				B99A6F762589265D00BE9D43 /* CoreGraphics+Extensions.swift in Sources */,
				B99A6F6F2589265D00BE9D43 /* AnimationProgressIndicator.swift in Sources */,
				B99A6F732589265D00BE9D43 /* AnimationField.swift in Sources */,
				B99A6F712589265D00BE9D43 /* AnimationViewController.swift in Sources */,
				B99A6F742589265D00BE9D43 /* AnimationButton.swift in Sources */,
				B99A6F702589265D00BE9D43 /* Lottie+Extension.swift in Sources */,
				B99A6F722589265D00BE9D43 /* CompositeAnimationButton.swift in Sources */,
				B99A6F692589265800BE9D43 /* AnimationBox.swift in Sources */,
			);
			runOnlyForDeploymentPostprocessing = 0;
		};
		B9AE697B257ACD4300EDED9E /* Sources */ = {
			isa = PBXSourcesBuildPhase;
			buildActionMask = 2147483647;
			files = (
				B9AE69D0257AE67000EDED9E /* HoverAnimationView.swift in Sources */,
				B9AE69CA257AE67000EDED9E /* AnimationButton.swift in Sources */,
				B9AE69D3257AE67000EDED9E /* AnimationContent.swift in Sources */,
				B9AE69CC257AE67000EDED9E /* AnimationBox.swift in Sources */,
				B9AE69CF257AE67000EDED9E /* Lottie+Extension.swift in Sources */,
				B9AE69D5257AE6C800EDED9E /* CoreGraphics+Extensions.swift in Sources */,
				B9AE69CD257AE67000EDED9E /* AnimationProgressIndicator.swift in Sources */,
				B9AE69CE257AE67000EDED9E /* CompositeAnimationButton.swift in Sources */,
				B9AE69CB257AE67000EDED9E /* AnimationField.swift in Sources */,
				B9AE69D1257AE67000EDED9E /* AnimationViewController.swift in Sources */,
			);
			runOnlyForDeploymentPostprocessing = 0;
		};
/* End PBXSourcesBuildPhase section */

/* Begin XCBuildConfiguration section */
		B940FE93259E79FC0094D60B /* Debug */ = {
			isa = XCBuildConfiguration;
			baseConfigurationReference = B99A6F4D2589253D00BE9D43 /* iOSDebug.xcconfig */;
			buildSettings = {
			};
			name = Debug;
		};
		B940FE94259E79FC0094D60B /* Release */ = {
			isa = XCBuildConfiguration;
			baseConfigurationReference = B99A6F4E2589254E00BE9D43 /* iOSRelease.xcconfig */;
			buildSettings = {
			};
			name = Release;
		};
		B99A6F48258924F300BE9D43 /* Debug */ = {
			isa = XCBuildConfiguration;
			baseConfigurationReference = B99A6F4D2589253D00BE9D43 /* iOSDebug.xcconfig */;
			buildSettings = {
			};
			name = Debug;
		};
		B99A6F49258924F300BE9D43 /* Release */ = {
			isa = XCBuildConfiguration;
			baseConfigurationReference = B99A6F4E2589254E00BE9D43 /* iOSRelease.xcconfig */;
			buildSettings = {
			};
			name = Release;
		};
		B9AE6985257ACD4300EDED9E /* Debug */ = {
			isa = XCBuildConfiguration;
			buildSettings = {
			};
			name = Debug;
		};
		B9AE6986257ACD4300EDED9E /* Release */ = {
			isa = XCBuildConfiguration;
			buildSettings = {
			};
			name = Release;
		};
		B9AE6988257ACD4300EDED9E /* Debug */ = {
			isa = XCBuildConfiguration;
			baseConfigurationReference = B9AE698F257ACFEB00EDED9E /* MacOSDebug.xcconfig */;
			buildSettings = {
			};
			name = Debug;
		};
		B9AE6989257ACD4300EDED9E /* Release */ = {
			isa = XCBuildConfiguration;
			baseConfigurationReference = B9AE6990257ACFFF00EDED9E /* MacOSRelease.xcconfig */;
			buildSettings = {
			};
			name = Release;
		};
/* End XCBuildConfiguration section */

/* Begin XCConfigurationList section */
		B940FE92259E79FC0094D60B /* Build configuration list for PBXNativeTarget "LottieUICouch" */ = {
			isa = XCConfigurationList;
			buildConfigurations = (
				B940FE93259E79FC0094D60B /* Debug */,
				B940FE94259E79FC0094D60B /* Release */,
			);
			defaultConfigurationIsVisible = 0;
			defaultConfigurationName = Release;
		};
		B99A6F4A258924F300BE9D43 /* Build configuration list for PBXNativeTarget "LottieUITouch" */ = {
			isa = XCConfigurationList;
			buildConfigurations = (
				B99A6F48258924F300BE9D43 /* Debug */,
				B99A6F49258924F300BE9D43 /* Release */,
			);
			defaultConfigurationIsVisible = 0;
			defaultConfigurationName = Release;
		};
		B9AE6979257ACD4300EDED9E /* Build configuration list for PBXProject "LottieUI" */ = {
			isa = XCConfigurationList;
			buildConfigurations = (
				B9AE6985257ACD4300EDED9E /* Debug */,
				B9AE6986257ACD4300EDED9E /* Release */,
			);
			defaultConfigurationIsVisible = 0;
			defaultConfigurationName = Release;
		};
		B9AE6987257ACD4300EDED9E /* Build configuration list for PBXNativeTarget "LottieUI" */ = {
			isa = XCConfigurationList;
			buildConfigurations = (
				B9AE6988257ACD4300EDED9E /* Debug */,
				B9AE6989257ACD4300EDED9E /* Release */,
			);
			defaultConfigurationIsVisible = 0;
			defaultConfigurationName = Release;
		};
/* End XCConfigurationList section */
	};
	rootObject = B9AE6976257ACD4300EDED9E /* Project object */;
}
